{
  "nodes": {
    "bun2nix": {
      "inputs": {
        "flake-parts": [
          "leiserfg-overlay",
          "llm-agents",
          "flake-parts"
        ],
        "nixpkgs": [
          "leiserfg-overlay",
          "llm-agents",
          "nixpkgs"
        ],
        "systems": [
          "leiserfg-overlay",
          "llm-agents",
          "systems"
        ],
        "treefmt-nix": [
          "leiserfg-overlay",
          "llm-agents",
          "treefmt-nix"
        ]
      },
      "locked": {
        "lastModified": 1784665499,
        "narHash": "sha256-9BMxlTxCCDAeoNLtb1a/st7udtTIJep+wpUzquA29VU=",
        "owner": "nix-community",
        "repo": "bun2nix",
        "rev": "0f2a1f0b6f42cebe3b149bf62d38754c5e0e9729",
        "type": "github"
      },
      "original": {
        "owner": "nix-community",
        "repo": "bun2nix",
        "type": "github"
      }
    },
    "bun2nix_2": {
      "inputs": {
        "flake-parts": [
          "llm-agents",
          "flake-parts"
        ],
        "nixpkgs": [
          "llm-agents",
          "nixpkgs"
        ],
        "systems": [
          "llm-agents",
          "systems"
        ],
        "treefmt-nix": [
          "llm-agents",
          "treefmt-nix"
        ]
      },
      "locked": {
        "lastModified": 1788011267,
        "narHash": "sha256-mEq2kU+ljompTToZ44Afvm7d/rHJ5iMBl0tjZuyShJs=",
        "owner": "Mic92",
        "repo": "bun2nix",
        "rev": "5765b0614591f75ee8ba5596e81ae85c167d1071",
        "type": "github"
      },
      "original": {
        "owner": "Mic92",
        "ref": "fix-structured-attrs-hook",
        "repo": "bun2nix",
        "type": "github"
      }
    },
    "calepin": {
      "flake": false,
      "locked": {
        "lastModified": 1787242786,
        "narHash": "sha256-a3gsPWlAVkEkxc5muP31tVEuk5BoiwfpDkn2dlv4x4E=",
        "ref": "refs/heads/main",
        "rev": "070912ea7ffa22c6758485be6243f11ed33edb82",
        "shallow": true,
        "type": "git",
        "url": "https://github.com/vincentarelbundock/calepin"
      },
      "original": {
        "shallow": true,
        "type": "git",
        "url": "https://github.com/vincentarelbundock/calepin"
      }
    },
    "flake-parts": {
      "inputs": {
        "nixpkgs-lib": [
          "leiserfg-overlay",
          "llm-agents",
          "nixpkgs"
        ]
      },
      "locked": {
        "lastModified": 1785627969,
        "narHash": "sha256-4dtXQk/NMePegK/nWp5NSeuZKLATItOq61lpEvmXqGw=",
        "owner": "hercules-ci",
        "repo": "flake-parts",
        "rev": "427bf4bd9435fdf21321c8cc628c24efc14c0f7a",
        "type": "github"
      },
      "original": {
        "owner": "hercules-ci",
        "repo": "flake-parts",
        "type": "github"
      }
    },
    "flake-parts_2": {
      "inputs": {
        "nixpkgs-lib": [
          "llm-agents",
          "nixpkgs"
        ]
      },
      "locked": {
        "lastModified": 1788306937,
        "narHash": "sha256-lbrI1UYVpFgKSsyrU9oeF7FHfnu8nLD9ja0ou9f2rxk=",
        "owner": "hercules-ci",
        "repo": "flake-parts",
        "rev": "f16b25b8c3d2809b87925d0b76652d7821a75c68",
        "type": "github"
      },
      "original": {
        "owner": "hercules-ci",
        "repo": "flake-parts",
        "type": "github"
      }
    },
    "headscale-admin": {
      "flake": false,
      "locked": {
        "lastModified": 1743489182,
        "narHash": "sha256-tLvCaseJOcmYchWe3ICnjBqinqP0f6cQps45PhiyTb4=",
        "type": "tarball",
        "url": "https://github.com/GoodiesHQ/headscale-admin/releases/download/v0.25.6/admin.tar.gz"
      },
      "original": {
        "type": "tarball",
        "url": "https://github.com/GoodiesHQ/headscale-admin/releases/download/v0.25.6/admin.tar.gz"
      }
    },
    "home-manager": {
      "inputs": {
        "nixpkgs": [
          "nixpkgs"
        ]
      },
      "locked": {
        "lastModified": 1788355065,
        "narHash": "sha256-gAz5oTI7ur34CfuakQduiQd/2ZhO62Bn2XXg08nZYYQ=",
        "owner": "nix-community",
        "repo": "home-manager",
        "rev": "d9d750e4fc11c10cab2da677bdd31e427f3a3a71",
        "type": "github"
      },
      "original": {
        "owner": "nix-community",
        "repo": "home-manager",
        "type": "github"
      }
    },
    "leiserfg-overlay": {
      "inputs": {
        "calepin": "calepin",
        "llm-agents": "llm-agents",
        "nimony": "nimony",
        "nixpkgs": "nixpkgs",
        "pytest-language-server": "pytest-language-server",
        "sokol-tools-bin": "sokol-tools-bin"
      },
      "locked": {
        "lastModified": 1788123760,
        "narHash": "sha256-wzGyzOztCEfiiDAjV4skr86qxDa+P55CIqGe7y78BTM=",
        "owner": "leiserfg",
        "repo": "leiserfg-overlay",
        "rev": "c2e68723ab92625f8c2a1064b845dfdb7265d494",
        "type": "github"
      },
      "original": {
        "owner": "leiserfg",
        "repo": "leiserfg-overlay",
        "type": "github"
      }
    },
    "llm-agents": {
      "inputs": {
        "bun2nix": "bun2nix",
        "flake-parts": "flake-parts",
        "nixpkgs": [
          "leiserfg-overlay",
          "nixpkgs"
        ],
        "systems": "systems",
        "treefmt-nix": "treefmt-nix"
      },
      "locked": {
        "lastModified": 1787272342,
        "narHash": "sha256-fJXZTsi2oshLEUZTJc30WFoSi2AnHcr+hL66D2ihmSE=",
        "ref": "refs/heads/main",
        "rev": "5ea650441a7590b4673f8479e15c434b7f969a83",
        "shallow": true,
        "type": "git",
        "url": "https://github.com/numtide/llm-agents.nix"
      },
      "original": {
        "shallow": true,
        "type": "git",
        "url": "https://github.com/numtide/llm-agents.nix"
      }
    },
    "llm-agents_2": {
      "inputs": {
        "bun2nix": "bun2nix_2",
        "flake-parts": "flake-parts_2",
        "nixpkgs": [
          "nixpkgs"
        ],
        "systems": "systems_2",
        "treefmt-nix": "treefmt-nix_2"
      },
      "locked": {
        "lastModified": 1788350369,
        "narHash": "sha256-Vk+oVo4FNa/McD2/K5BO2Off6Z8l9mKmT9f0xZ6mDYQ=",
        "owner": "numtide",
        "repo": "llm-agents.nix",
        "rev": "4ab625e16a6cc52fe3f606b95f1e2ac20dafa80b",
        "type": "github"
      },
      "original": {
        "owner": "numtide",
        "repo": "llm-agents.nix",
        "type": "github"
      }
    },
    "nimony": {
      "flake": false,
      "locked": {
        "lastModified": 1787257558,
        "narHash": "sha256-cfK5wEddp5ez7v/ppAQPkMslAMwdttnkmcVEWdCWu+w=",
        "ref": "refs/heads/master",
        "rev": "fee40b7425186fbb7a052d51639756e10b350753",
        "shallow": true,
        "submodules": true,
        "type": "git",
        "url": "https://github.com/nim-lang/nimony"
      },
      "original": {
        "shallow": true,
        "submodules": true,
        "type": "git",
        "url": "https://github.com/nim-lang/nimony"
      }
    },
    "nixos-hardware": {
      "inputs": {
        "nixpkgs": "nixpkgs_2"
      },
      "locked": {
        "lastModified": 1788335262,
        "narHash": "sha256-3jBEq8avfzlrsY4UpW4d5TOmm7ocseZfnitEJhqauyc=",
        "owner": "NixOS",
        "repo": "nixos-hardware",
        "rev": "44d95795ee2d475b3d687325e26dcf4ca9104557",
        "type": "github"
      },
      "original": {
        "owner": "NixOS",
        "repo": "nixos-hardware",
        "type": "github"
      }
    },
    "nixpkgs": {
      "locked": {
        "lastModified": 1787135253,
        "narHash": "sha256-RD2kNWCG+Bjo6h+JVjWVNntZs2GtRoeY2xHjts/FNkA=",
        "ref": "nixos-unstable",
        "rev": "ffb3c9b700e759be2ef13237c9d8f953b32a1e46",
        "shallow": true,
        "type": "git",
        "url": "https://github.com/NixOS/nixpkgs"
      },
      "original": {
        "ref": "nixos-unstable",
        "shallow": true,
        "type": "git",
        "url": "https://github.com/NixOS/nixpkgs"
      }
    },
    "nixpkgs-unstable": {
      "locked": {
        "lastModified": 1787964612,
        "narHash": "sha256-0N9nghg3nwzX6b6qc77EzjR9cu/Z+UR66FlfsCqiURs=",
        "owner": "nixos",
        "repo": "nixpkgs",
        "rev": "e8be7818e19ada32105a8af937a6a473b38167ca",
        "type": "github"
      },
      "original": {
        "owner": "nixos",
        "ref": "nixpkgs-unstable",
        "repo": "nixpkgs",
        "type": "github"
      }
    },
    "nixpkgs_2": {
      "locked": {
        "lastModified": 1767892417,
        "narHash": "sha256-8bW3q88CEg2u4hSP66Vf4lpbLonHz7hqDNBMcCY7E9U=",
        "rev": "3497aa5c9457a9d88d71fa93a4a8368816fbeeba",
        "type": "tarball",
        "url": "https://releases.nixos.org/nixos/unstable/nixos-26.05pre924538.3497aa5c9457/nixexprs.tar.xz"
      },
      "original": {
        "type": "tarball",
        "url": "https://channels.nixos.org/nixos-unstable/nixexprs.tar.xz"
      }
    },
    "nixpkgs_3": {
      "locked": {
        "lastModified": 1788179007,
        "narHash": "sha256-hn1oU2rue2SYK8dAr8+WNZWtbsz1S2W5mnHlSEuh3bo=",
        "owner": "nixos",
        "repo": "nixpkgs",
        "rev": "34ab99075ac4f7e40cf037eef32cb1c360bb85e9",
        "type": "github"
      },
      "original": {
        "owner": "nixos",
        "ref": "nixos-unstable",
        "repo": "nixpkgs",
        "type": "github"
      }
    },
    "plasma-manager": {
      "inputs": {
        "home-manager": [
          "home-manager"
        ],
        "nixpkgs": [
          "nixpkgs"
        ]
      },
      "locked": {
        "lastModified": 1785762349,
        "narHash": "sha256-jZhZkzAwc7f3exzcTDJWP2WCAchCv0iNC3UF/QsahdQ=",
        "owner": "nix-community",
        "repo": "plasma-manager",
        "rev": "a19a2a029fa180911bd89c554dca1616e10f4c1d",
        "type": "github"
      },
      "original": {
        "owner": "nix-community",
        "repo": "plasma-manager",
        "type": "github"
      }
    },
    "pytest-language-server": {
      "flake": false,
      "locked": {
        "lastModified": 1786957343,
        "narHash": "sha256-dBfQ3VHfheS/m1zAGAcQh5nf8JSWooKHFKWL+Fjrvzw=",
        "ref": "refs/heads/master",
        "rev": "02f8b3ea4768b6816ac94058eded9c41a9392670",
        "shallow": true,
        "type": "git",
        "url": "https://github.com/bellini666/pytest-language-server"
      },
      "original": {
        "shallow": true,
        "type": "git",
        "url": "https://github.com/bellini666/pytest-language-server"
      }
    },
    "root": {
      "inputs": {
        "headscale-admin": "headscale-admin",
        "home-manager": "home-manager",
        "leiserfg-overlay": "leiserfg-overlay",
        "llm-agents": "llm-agents_2",
        "nixos-hardware": "nixos-hardware",
        "nixpkgs": "nixpkgs_3",
        "nixpkgs-unstable": "nixpkgs-unstable",
        "plasma-manager": "plasma-manager",
        "sops-nix": "sops-nix",
        "zen-browser-flake": "zen-browser-flake"
      }
    },
    "sokol-tools-bin": {
      "flake": false,
      "locked": {
        "dir": "bin/linux",
        "lastModified": 1786285306,
        "narHash": "sha256-tYlwaY7RS8vR+dutMoKvE5bJFpMEdK1QVHK3wFjNGO8=",
        "ref": "refs/heads/master",
        "rev": "af9a893b745c9302114791cde57371b66af9aed6",
        "shallow": true,
        "type": "git",
        "url": "https://github.com/floooh/sokol-tools-bin"
      },
      "original": {
        "dir": "bin/linux",
        "shallow": true,
        "type": "git",
        "url": "https://github.com/floooh/sokol-tools-bin"
      }
    },
    "sops-nix": {
      "inputs": {
        "nixpkgs": [
          "nixpkgs"
        ]
      },
      "locked": {
        "lastModified": 1788337237,
        "narHash": "sha256-gkSH8VUtCo6hnysNmb9DbTuDepH2t5pv+QWjP75xKAk=",
        "owner": "Mic92",
        "repo": "sops-nix",
        "rev": "fbf759290e0cb0a98dfc813a4eb7d53ad1dacb57",
        "type": "github"
      },
      "original": {
        "owner": "Mic92",
        "repo": "sops-nix",
        "type": "github"
      }
    },
    "systems": {
      "locked": {
        "lastModified": 1681028828,
        "narHash": "sha256-Vy1rq5AaRuLzOxct8nz4T6wlgyUR7zLU309k9mBC768=",
        "owner": "nix-systems",
        "repo": "default",
        "rev": "da67096a3b9bf56a91d16901293e51ba5b49a27e",
        "type": "github"
      },
      "original": {
        "owner": "nix-systems",
        "repo": "default",
        "type": "github"
      }
    },
    "systems_2": {
      "locked": {
        "lastModified": 1681028828,
        "narHash": "sha256-Vy1rq5AaRuLzOxct8nz4T6wlgyUR7zLU309k9mBC768=",
        "owner": "nix-systems",
        "repo": "default",
        "rev": "da67096a3b9bf56a91d16901293e51ba5b49a27e",
        "type": "github"
      },
      "original": {
        "owner": "nix-systems",
        "repo": "default",
        "type": "github"
      }
    },
    "treefmt-nix": {
      "inputs": {
        "nixpkgs": [
          "leiserfg-overlay",
          "llm-agents",
          "nixpkgs"
        ]
      },
      "locked": {
        "lastModified": 1786901030,
        "narHash": "sha256-WSFCsDSE5ffgD2MqzkM2CYjeFiKhRF/dJUN8uedb6YE=",
        "owner": "numtide",
        "repo": "treefmt-nix",
        "rev": "27b3b12a8e6375f28ebe122f07d230ca5459bbfa",
        "type": "github"
      },
      "original": {
        "owner": "numtide",
        "repo": "treefmt-nix",
        "type": "github"
      }
    },
    "treefmt-nix_2": {
      "inputs": {
        "nixpkgs": [
          "llm-agents",
          "nixpkgs"
        ]
      },
      "locked": {
        "lastModified": 1786901030,
        "narHash": "sha256-WSFCsDSE5ffgD2MqzkM2CYjeFiKhRF/dJUN8uedb6YE=",
        "owner": "numtide",
        "repo": "treefmt-nix",
        "rev": "27b3b12a8e6375f28ebe122f07d230ca5459bbfa",
        "type": "github"
      },
      "original": {
        "owner": "numtide",
        "repo": "treefmt-nix",
        "type": "github"
      }
    },
    "zen-browser-flake": {
      "inputs": {
        "home-manager": [
          "home-manager"
        ],
        "nixpkgs": [
          "nixpkgs"
        ]
      },
      "locked": {
        "lastModified": 1788318849,
        "narHash": "sha256-G8wXupuhL5+oJ3q380M0GS6vL2/KLeRx0jld+cwmboc=",
        "owner": "0xc000022070",
        "repo": "zen-browser-flake",
        "rev": "6e3d95d89dcf984e0f2b1489ee6d301e7a90f964",
        "type": "github"
      },
      "original": {
        "owner": "0xc000022070",
        "repo": "zen-browser-flake",
        "type": "github"
      }
    }
  },
  "root": "root",
  "version": 7
}
